// !$*UTF8*$!
{
	archiveVersion = 1;
	classes = {
	};
	objectVersion = 46;
	objects = {

/* Begin PBXBuildFile section */
		AB037A951DDA452F004D4AAC /* HomeViewCell.swift in Sources */ = {isa = PBXBuildFile; fileRef = AB037A941DDA452F004D4AAC /* HomeViewCell.swift */; };
		AB16B6081E1D510E001B2C99 /* SponsorViewButton.swift in Sources */ = {isa = PBXBuildFile; fileRef = AB16B6071E1D510E001B2C99 /* SponsorViewButton.swift */; };
		AB16B60A1E1D56B2001B2C99 /* SponsorViewController.swift in Sources */ = {isa = PBXBuildFile; fileRef = AB16B6091E1D56B2001B2C99 /* SponsorViewController.swift */; };
		AB1E8A031DFF31F100CDDADB /* MapKit.framework in Frameworks */ = {isa = PBXBuildFile; fileRef = AB1E8A021DFF31F100CDDADB /* MapKit.framework */; };
		AB2A24C71E29922D00CD2E65 /* CalendarGridFooter.swift in Sources */ = {isa = PBXBuildFile; fileRef = AB2A24C61E29922D00CD2E65 /* CalendarGridFooter.swift */; };
		AB35C5091DEF2FFB006D7A6D /* CalendarDayViewController.swift in Sources */ = {isa = PBXBuildFile; fileRef = AB35C5081DEF2FFB006D7A6D /* CalendarDayViewController.swift */; };
		AB40CAAD1E390060006FC5F9 /* NotificationDelayPicker.swift in Sources */ = {isa = PBXBuildFile; fileRef = AB40CAAC1E390060006FC5F9 /* NotificationDelayPicker.swift */; };
		AB4C37C21E3E40C700CE5A53 /* DatabaseManager.swift in Sources */ = {isa = PBXBuildFile; fileRef = AB7913731DD4B99500EF8B97 /* DatabaseManager.swift */; };
		AB4CB52B1DF4904C003F4E18 /* User.swift in Sources */ = {isa = PBXBuildFile; fileRef = AB4CB52A1DF4904C003F4E18 /* User.swift */; };
		AB4CB52D1DF88FED003F4E18 /* CalendarGridViewController.swift in Sources */ = {isa = PBXBuildFile; fileRef = AB4CB52C1DF88FED003F4E18 /* CalendarGridViewController.swift */; };
		AB4CB52F1DF89027003F4E18 /* HomeViewController.swift in Sources */ = {isa = PBXBuildFile; fileRef = AB4CB52E1DF89027003F4E18 /* HomeViewController.swift */; };
		AB527EF71E225BDB009FA6C2 /* ErrorTypes.swift in Sources */ = {isa = PBXBuildFile; fileRef = AB527EF61E225BDB009FA6C2 /* ErrorTypes.swift */; };
		AB577B461E3E079B008D8805 /* Storage.swift in Sources */ = {isa = PBXBuildFile; fileRef = AB577B451E3E079B008D8805 /* Storage.swift */; };
		AB577B471E3E079B008D8805 /* Storage.swift in Sources */ = {isa = PBXBuildFile; fileRef = AB577B451E3E079B008D8805 /* Storage.swift */; };
		AB59B9EE1DCFB99200E4E9FE /* CalendarGridHeader.swift in Sources */ = {isa = PBXBuildFile; fileRef = AB59B9ED1DCFB99200E4E9FE /* CalendarGridHeader.swift */; };
		AB623D8D1DCBECEF0048886F /* CalendarGridCell.swift in Sources */ = {isa = PBXBuildFile; fileRef = AB623D8C1DCBECEF0048886F /* CalendarGridCell.swift */; };
		AB758FCC1E1C3882004135A9 /* Assets.xcassets in Resources */ = {isa = PBXBuildFile; fileRef = AB758FCB1E1C3882004135A9 /* Assets.xcassets */; };
		AB7913741DD4B99500EF8B97 /* DatabaseManager.swift in Sources */ = {isa = PBXBuildFile; fileRef = AB7913731DD4B99500EF8B97 /* DatabaseManager.swift */; };
		AB7913761DD4C68900EF8B97 /* MainViewController.swift in Sources */ = {isa = PBXBuildFile; fileRef = AB7913751DD4C68900EF8B97 /* MainViewController.swift */; };
		AB9C31D91DCA2D4C0091C55F /* AppDelegate.swift in Sources */ = {isa = PBXBuildFile; fileRef = AB9C31D81DCA2D4C0091C55F /* AppDelegate.swift */; };
		AB9C320B1DCA410A0091C55F /* CalendarListViewController.swift in Sources */ = {isa = PBXBuildFile; fileRef = AB9C320A1DCA410A0091C55F /* CalendarListViewController.swift */; };
		AB9C32111DCA41530091C55F /* AboutViewController.swift in Sources */ = {isa = PBXBuildFile; fileRef = AB9C32101DCA41530091C55F /* AboutViewController.swift */; };
		ABB960AE1E1AEA9F00A10A70 /* SortingCategory.swift in Sources */ = {isa = PBXBuildFile; fileRef = ABB960AD1E1AEA9F00A10A70 /* SortingCategory.swift */; };
		ABB960B01E1AF17F00A10A70 /* SortPicker.swift in Sources */ = {isa = PBXBuildFile; fileRef = ABB960AF1E1AF17F00A10A70 /* SortPicker.swift */; };
		ABB960B21E1B03EF00A10A70 /* Filter.swift in Sources */ = {isa = PBXBuildFile; fileRef = ABB960B11E1B03EF00A10A70 /* Filter.swift */; };
		ABC7B7561E39404C00A2C083 /* NotificationCenter.framework in Frameworks */ = {isa = PBXBuildFile; fileRef = ABC7B7551E39404C00A2C083 /* NotificationCenter.framework */; };
		ABC7B7591E39404C00A2C083 /* TodayViewController.swift in Sources */ = {isa = PBXBuildFile; fileRef = ABC7B7581E39404C00A2C083 /* TodayViewController.swift */; };
		ABC7B75C1E39404C00A2C083 /* MainInterface.storyboard in Resources */ = {isa = PBXBuildFile; fileRef = ABC7B75A1E39404C00A2C083 /* MainInterface.storyboard */; };
		ABC7B7601E39404C00A2C083 /* widget.appex in Embed App Extensions */ = {isa = PBXBuildFile; fileRef = ABC7B7541E39404C00A2C083 /* widget.appex */; settings = {ATTRIBUTES = (RemoveHeadersOnCopy, ); }; };
		ABC7B7661E3942D600A2C083 /* TodayViewCell.swift in Sources */ = {isa = PBXBuildFile; fileRef = ABC7B7651E3942D600A2C083 /* TodayViewCell.swift */; };
		ABC7B7671E3944F200A2C083 /* UIColorExtension.swift in Sources */ = {isa = PBXBuildFile; fileRef = ABF788581E1FCE290086E114 /* UIColorExtension.swift */; };
		ABC7B7681E3944F800A2C083 /* Event.swift in Sources */ = {isa = PBXBuildFile; fileRef = ABEB16D91E18006F006E666B /* Event.swift */; };
		ABC7B7691E39457A00A2C083 /* Location.swift in Sources */ = {isa = PBXBuildFile; fileRef = ABEB16DB1E180096006E666B /* Location.swift */; };
		ABC7B76A1E39457D00A2C083 /* EventImage.swift in Sources */ = {isa = PBXBuildFile; fileRef = ABEB16DD1E1800A5006E666B /* EventImage.swift */; };
		ABC7B76D1E3945DC00A2C083 /* Sponsor.swift in Sources */ = {isa = PBXBuildFile; fileRef = ABEB16DF1E1800C6006E666B /* Sponsor.swift */; };
		ABC7B76E1E39460800A2C083 /* User.swift in Sources */ = {isa = PBXBuildFile; fileRef = AB4CB52A1DF4904C003F4E18 /* User.swift */; };
		ABC7B76F1E39460A00A2C083 /* ErrorTypes.swift in Sources */ = {isa = PBXBuildFile; fileRef = AB527EF61E225BDB009FA6C2 /* ErrorTypes.swift */; };
		ABC7B7701E39460D00A2C083 /* ParticipationStatus.swift in Sources */ = {isa = PBXBuildFile; fileRef = ABF7885C1E1FFAF90086E114 /* ParticipationStatus.swift */; };
		ABC7B7731E39530700A2C083 /* UIViewExtension.swift in Sources */ = {isa = PBXBuildFile; fileRef = ABEB16C11E0D7D4C006E666B /* UIViewExtension.swift */; };
		ABEB16C01E0D72D7006E666B /* CalendarDayViewHeader.swift in Sources */ = {isa = PBXBuildFile; fileRef = ABEB16BF1E0D72D7006E666B /* CalendarDayViewHeader.swift */; };
		ABEB16C21E0D7D4C006E666B /* UIViewExtension.swift in Sources */ = {isa = PBXBuildFile; fileRef = ABEB16C11E0D7D4C006E666B /* UIViewExtension.swift */; };
		ABEB16CE1E0DEECC006E666B /* ImageView.swift in Sources */ = {isa = PBXBuildFile; fileRef = ABEB16CD1E0DEECC006E666B /* ImageView.swift */; };
		ABEB16DA1E18006F006E666B /* Event.swift in Sources */ = {isa = PBXBuildFile; fileRef = ABEB16D91E18006F006E666B /* Event.swift */; };
		ABEB16DC1E180096006E666B /* Location.swift in Sources */ = {isa = PBXBuildFile; fileRef = ABEB16DB1E180096006E666B /* Location.swift */; };
		ABEB16DE1E1800A5006E666B /* EventImage.swift in Sources */ = {isa = PBXBuildFile; fileRef = ABEB16DD1E1800A5006E666B /* EventImage.swift */; };
		ABEB16E01E1800C6006E666B /* Sponsor.swift in Sources */ = {isa = PBXBuildFile; fileRef = ABEB16DF1E1800C6006E666B /* Sponsor.swift */; };
		ABEB16E51E199783006E666B /* CalendarListViewCell.swift in Sources */ = {isa = PBXBuildFile; fileRef = ABEB16E41E199783006E666B /* CalendarListViewCell.swift */; };
		ABF788541E1F97E00086E114 /* LaunchScreen.storyboard in Resources */ = {isa = PBXBuildFile; fileRef = ABF788501E1F97E00086E114 /* LaunchScreen.storyboard */; };
		ABF788551E1F97E00086E114 /* Main.storyboard in Resources */ = {isa = PBXBuildFile; fileRef = ABF788521E1F97E00086E114 /* Main.storyboard */; };
		ABF788591E1FCE290086E114 /* UIColorExtension.swift in Sources */ = {isa = PBXBuildFile; fileRef = ABF788581E1FCE290086E114 /* UIColorExtension.swift */; };
		ABF7885B1E1FE9FF0086E114 /* ParticipationView.swift in Sources */ = {isa = PBXBuildFile; fileRef = ABF7885A1E1FE9FF0086E114 /* ParticipationView.swift */; };
		ABF7885D1E1FFAF90086E114 /* ParticipationStatus.swift in Sources */ = {isa = PBXBuildFile; fileRef = ABF7885C1E1FFAF90086E114 /* ParticipationStatus.swift */; };
		ABFF89011E213FE90032CCD0 /* LicensesViewController.swift in Sources */ = {isa = PBXBuildFile; fileRef = ABFF89001E213FE90032CCD0 /* LicensesViewController.swift */; };
		ABFF89031E21412F0032CCD0 /* LicensesViewCell.swift in Sources */ = {isa = PBXBuildFile; fileRef = ABFF89021E21412F0032CCD0 /* LicensesViewCell.swift */; };
		ABFF89071E2149FA0032CCD0 /* Apache20.txt in Resources */ = {isa = PBXBuildFile; fileRef = ABFF89061E2149FA0032CCD0 /* Apache20.txt */; };
		ABFF89091E214A8E0032CCD0 /* Licenses.swift in Sources */ = {isa = PBXBuildFile; fileRef = ABFF89081E214A8E0032CCD0 /* Licenses.swift */; };
		ABFF890B1E2150390032CCD0 /* LicensesEnum.swift in Sources */ = {isa = PBXBuildFile; fileRef = ABFF890A1E2150390032CCD0 /* LicensesEnum.swift */; };
		ABFF890D1E215BFA0032CCD0 /* ODbL10.txt in Resources */ = {isa = PBXBuildFile; fileRef = ABFF890C1E215BFA0032CCD0 /* ODbL10.txt */; };
/* End PBXBuildFile section */

/* Begin PBXContainerItemProxy section */
		ABC7B75E1E39404C00A2C083 /* PBXContainerItemProxy */ = {
			isa = PBXContainerItemProxy;
			containerPortal = AB9C31CD1DCA2D4C0091C55F /* Project object */;
			proxyType = 1;
			remoteGlobalIDString = ABC7B7531E39404C00A2C083;
			remoteInfo = iOSAppWidget;
		};
/* End PBXContainerItemProxy section */

/* Begin PBXCopyFilesBuildPhase section */
		ABC7B7641E39404C00A2C083 /* Embed App Extensions */ = {
			isa = PBXCopyFilesBuildPhase;
			buildActionMask = 2147483647;
			dstPath = "";
			dstSubfolderSpec = 13;
			files = (
				ABC7B7601E39404C00A2C083 /* widget.appex in Embed App Extensions */,
			);
			name = "Embed App Extensions";
			runOnlyForDeploymentPostprocessing = 0;
		};
/* End PBXCopyFilesBuildPhase section */

/* Begin PBXFileReference section */
		AB037A941DDA452F004D4AAC /* HomeViewCell.swift */ = {isa = PBXFileReference; fileEncoding = 4; lastKnownFileType = sourcecode.swift; path = HomeViewCell.swift; sourceTree = "<group>"; };
		AB16B6071E1D510E001B2C99 /* SponsorViewButton.swift */ = {isa = PBXFileReference; fileEncoding = 4; lastKnownFileType = sourcecode.swift; path = SponsorViewButton.swift; sourceTree = "<group>"; };
		AB16B6091E1D56B2001B2C99 /* SponsorViewController.swift */ = {isa = PBXFileReference; fileEncoding = 4; lastKnownFileType = sourcecode.swift; path = SponsorViewController.swift; sourceTree = "<group>"; };
		AB1E8A021DFF31F100CDDADB /* MapKit.framework */ = {isa = PBXFileReference; lastKnownFileType = wrapper.framework; name = MapKit.framework; path = System/Library/Frameworks/MapKit.framework; sourceTree = SDKROOT; };
		AB2A24C61E29922D00CD2E65 /* CalendarGridFooter.swift */ = {isa = PBXFileReference; fileEncoding = 4; lastKnownFileType = sourcecode.swift; path = CalendarGridFooter.swift; sourceTree = "<group>"; };
		AB35C5081DEF2FFB006D7A6D /* CalendarDayViewController.swift */ = {isa = PBXFileReference; fileEncoding = 4; lastKnownFileType = sourcecode.swift; path = CalendarDayViewController.swift; sourceTree = "<group>"; };
		AB40CAAC1E390060006FC5F9 /* NotificationDelayPicker.swift */ = {isa = PBXFileReference; fileEncoding = 4; lastKnownFileType = sourcecode.swift; path = NotificationDelayPicker.swift; sourceTree = "<group>"; };
		AB4CB52A1DF4904C003F4E18 /* User.swift */ = {isa = PBXFileReference; fileEncoding = 4; lastKnownFileType = sourcecode.swift; path = User.swift; sourceTree = "<group>"; };
		AB4CB52C1DF88FED003F4E18 /* CalendarGridViewController.swift */ = {isa = PBXFileReference; fileEncoding = 4; lastKnownFileType = sourcecode.swift; path = CalendarGridViewController.swift; sourceTree = "<group>"; };
		AB4CB52E1DF89027003F4E18 /* HomeViewController.swift */ = {isa = PBXFileReference; fileEncoding = 4; lastKnownFileType = sourcecode.swift; path = HomeViewController.swift; sourceTree = "<group>"; };
		AB527EF61E225BDB009FA6C2 /* ErrorTypes.swift */ = {isa = PBXFileReference; fileEncoding = 4; lastKnownFileType = sourcecode.swift; path = ErrorTypes.swift; sourceTree = "<group>"; };
		AB577B451E3E079B008D8805 /* Storage.swift */ = {isa = PBXFileReference; fileEncoding = 4; lastKnownFileType = sourcecode.swift; path = Storage.swift; sourceTree = "<group>"; };
		AB59B9ED1DCFB99200E4E9FE /* CalendarGridHeader.swift */ = {isa = PBXFileReference; fileEncoding = 4; lastKnownFileType = sourcecode.swift; path = CalendarGridHeader.swift; sourceTree = "<group>"; };
		AB623D8C1DCBECEF0048886F /* CalendarGridCell.swift */ = {isa = PBXFileReference; fileEncoding = 4; lastKnownFileType = sourcecode.swift; path = CalendarGridCell.swift; sourceTree = "<group>"; };
		AB758FCB1E1C3882004135A9 /* Assets.xcassets */ = {isa = PBXFileReference; lastKnownFileType = folder.assetcatalog; path = Assets.xcassets; sourceTree = "<group>"; };
		AB7913731DD4B99500EF8B97 /* DatabaseManager.swift */ = {isa = PBXFileReference; fileEncoding = 4; lastKnownFileType = sourcecode.swift; path = DatabaseManager.swift; sourceTree = "<group>"; };
		AB7913751DD4C68900EF8B97 /* MainViewController.swift */ = {isa = PBXFileReference; fileEncoding = 4; lastKnownFileType = sourcecode.swift; path = MainViewController.swift; sourceTree = "<group>"; };
		AB9C31D51DCA2D4C0091C55F /* app.app */ = {isa = PBXFileReference; explicitFileType = wrapper.application; includeInIndex = 0; path = app.app; sourceTree = BUILT_PRODUCTS_DIR; };
		AB9C31D81DCA2D4C0091C55F /* AppDelegate.swift */ = {isa = PBXFileReference; lastKnownFileType = sourcecode.swift; path = AppDelegate.swift; sourceTree = "<group>"; };
		AB9C31E61DCA2D4C0091C55F /* Info.plist */ = {isa = PBXFileReference; lastKnownFileType = text.plist.xml; path = Info.plist; sourceTree = "<group>"; };
		AB9C320A1DCA410A0091C55F /* CalendarListViewController.swift */ = {isa = PBXFileReference; fileEncoding = 4; lastKnownFileType = sourcecode.swift; path = CalendarListViewController.swift; sourceTree = "<group>"; };
		AB9C32101DCA41530091C55F /* AboutViewController.swift */ = {isa = PBXFileReference; fileEncoding = 4; lastKnownFileType = sourcecode.swift; path = AboutViewController.swift; sourceTree = "<group>"; };
		ABB960AD1E1AEA9F00A10A70 /* SortingCategory.swift */ = {isa = PBXFileReference; fileEncoding = 4; lastKnownFileType = sourcecode.swift; path = SortingCategory.swift; sourceTree = "<group>"; };
		ABB960AF1E1AF17F00A10A70 /* SortPicker.swift */ = {isa = PBXFileReference; fileEncoding = 4; lastKnownFileType = sourcecode.swift; path = SortPicker.swift; sourceTree = "<group>"; };
		ABB960B11E1B03EF00A10A70 /* Filter.swift */ = {isa = PBXFileReference; fileEncoding = 4; lastKnownFileType = sourcecode.swift; path = Filter.swift; sourceTree = "<group>"; };
		ABC7B7541E39404C00A2C083 /* widget.appex */ = {isa = PBXFileReference; explicitFileType = "wrapper.app-extension"; includeInIndex = 0; path = widget.appex; sourceTree = BUILT_PRODUCTS_DIR; };
		ABC7B7551E39404C00A2C083 /* NotificationCenter.framework */ = {isa = PBXFileReference; lastKnownFileType = wrapper.framework; name = NotificationCenter.framework; path = System/Library/Frameworks/NotificationCenter.framework; sourceTree = SDKROOT; };
		ABC7B7581E39404C00A2C083 /* TodayViewController.swift */ = {isa = PBXFileReference; lastKnownFileType = sourcecode.swift; path = TodayViewController.swift; sourceTree = "<group>"; };
		ABC7B75B1E39404C00A2C083 /* Base */ = {isa = PBXFileReference; lastKnownFileType = file.storyboard; name = Base; path = Base.lproj/MainInterface.storyboard; sourceTree = "<group>"; };
		ABC7B75D1E39404C00A2C083 /* Info.plist */ = {isa = PBXFileReference; lastKnownFileType = text.plist.xml; path = Info.plist; sourceTree = "<group>"; };
		ABC7B7651E3942D600A2C083 /* TodayViewCell.swift */ = {isa = PBXFileReference; fileEncoding = 4; lastKnownFileType = sourcecode.swift; path = TodayViewCell.swift; sourceTree = "<group>"; };
		ABC7B7711E3947C300A2C083 /* iOSApp.entitlements */ = {isa = PBXFileReference; lastKnownFileType = text.plist.entitlements; path = iOSApp.entitlements; sourceTree = "<group>"; };
		ABC7B7721E39480300A2C083 /* iOSAppWidget.entitlements */ = {isa = PBXFileReference; lastKnownFileType = text.plist.entitlements; path = iOSAppWidget.entitlements; sourceTree = "<group>"; };
		ABEB16BF1E0D72D7006E666B /* CalendarDayViewHeader.swift */ = {isa = PBXFileReference; fileEncoding = 4; lastKnownFileType = sourcecode.swift; path = CalendarDayViewHeader.swift; sourceTree = "<group>"; };
		ABEB16C11E0D7D4C006E666B /* UIViewExtension.swift */ = {isa = PBXFileReference; fileEncoding = 4; lastKnownFileType = sourcecode.swift; path = UIViewExtension.swift; sourceTree = "<group>"; };
		ABEB16CD1E0DEECC006E666B /* ImageView.swift */ = {isa = PBXFileReference; fileEncoding = 4; lastKnownFileType = sourcecode.swift; path = ImageView.swift; sourceTree = "<group>"; };
		ABEB16D91E18006F006E666B /* Event.swift */ = {isa = PBXFileReference; fileEncoding = 4; lastKnownFileType = sourcecode.swift; path = Event.swift; sourceTree = "<group>"; };
		ABEB16DB1E180096006E666B /* Location.swift */ = {isa = PBXFileReference; fileEncoding = 4; lastKnownFileType = sourcecode.swift; path = Location.swift; sourceTree = "<group>"; };
		ABEB16DD1E1800A5006E666B /* EventImage.swift */ = {isa = PBXFileReference; fileEncoding = 4; lastKnownFileType = sourcecode.swift; path = EventImage.swift; sourceTree = "<group>"; };
		ABEB16DF1E1800C6006E666B /* Sponsor.swift */ = {isa = PBXFileReference; fileEncoding = 4; lastKnownFileType = sourcecode.swift; path = Sponsor.swift; sourceTree = "<group>"; };
		ABEB16E41E199783006E666B /* CalendarListViewCell.swift */ = {isa = PBXFileReference; fileEncoding = 4; lastKnownFileType = sourcecode.swift; path = CalendarListViewCell.swift; sourceTree = "<group>"; };
		ABF788511E1F97E00086E114 /* Base */ = {isa = PBXFileReference; lastKnownFileType = file.storyboard; name = Base; path = Base.lproj/LaunchScreen.storyboard; sourceTree = "<group>"; };
		ABF788531E1F97E00086E114 /* Base */ = {isa = PBXFileReference; lastKnownFileType = file.storyboard; name = Base; path = Base.lproj/Main.storyboard; sourceTree = "<group>"; };
		ABF788581E1FCE290086E114 /* UIColorExtension.swift */ = {isa = PBXFileReference; fileEncoding = 4; lastKnownFileType = sourcecode.swift; path = UIColorExtension.swift; sourceTree = "<group>"; };
		ABF7885A1E1FE9FF0086E114 /* ParticipationView.swift */ = {isa = PBXFileReference; fileEncoding = 4; lastKnownFileType = sourcecode.swift; path = ParticipationView.swift; sourceTree = "<group>"; };
		ABF7885C1E1FFAF90086E114 /* ParticipationStatus.swift */ = {isa = PBXFileReference; fileEncoding = 4; lastKnownFileType = sourcecode.swift; path = ParticipationStatus.swift; sourceTree = "<group>"; };
		ABFF89001E213FE90032CCD0 /* LicensesViewController.swift */ = {isa = PBXFileReference; fileEncoding = 4; lastKnownFileType = sourcecode.swift; path = LicensesViewController.swift; sourceTree = "<group>"; };
		ABFF89021E21412F0032CCD0 /* LicensesViewCell.swift */ = {isa = PBXFileReference; fileEncoding = 4; lastKnownFileType = sourcecode.swift; path = LicensesViewCell.swift; sourceTree = "<group>"; };
		ABFF89061E2149FA0032CCD0 /* Apache20.txt */ = {isa = PBXFileReference; fileEncoding = 4; lastKnownFileType = text; path = Apache20.txt; sourceTree = "<group>"; };
		ABFF89081E214A8E0032CCD0 /* Licenses.swift */ = {isa = PBXFileReference; fileEncoding = 4; lastKnownFileType = sourcecode.swift; path = Licenses.swift; sourceTree = "<group>"; };
		ABFF890A1E2150390032CCD0 /* LicensesEnum.swift */ = {isa = PBXFileReference; fileEncoding = 4; lastKnownFileType = sourcecode.swift; path = LicensesEnum.swift; sourceTree = "<group>"; };
		ABFF890C1E215BFA0032CCD0 /* ODbL10.txt */ = {isa = PBXFileReference; fileEncoding = 4; lastKnownFileType = text; path = ODbL10.txt; sourceTree = "<group>"; };
/* End PBXFileReference section */

/* Begin PBXFrameworksBuildPhase section */
		AB9C31D21DCA2D4C0091C55F /* Frameworks */ = {
			isa = PBXFrameworksBuildPhase;
			buildActionMask = 2147483647;
			files = (
				AB1E8A031DFF31F100CDDADB /* MapKit.framework in Frameworks */,
			);
			runOnlyForDeploymentPostprocessing = 0;
		};
		ABC7B7511E39404C00A2C083 /* Frameworks */ = {
			isa = PBXFrameworksBuildPhase;
			buildActionMask = 2147483647;
			files = (
				ABC7B7561E39404C00A2C083 /* NotificationCenter.framework in Frameworks */,
			);
			runOnlyForDeploymentPostprocessing = 0;
		};
/* End PBXFrameworksBuildPhase section */

/* Begin PBXGroup section */
		AB16B6061E1D50E3001B2C99 /* sponsor */ = {
			isa = PBXGroup;
			children = (
				AB16B6071E1D510E001B2C99 /* SponsorViewButton.swift */,
				AB16B6091E1D56B2001B2C99 /* SponsorViewController.swift */,
			);
			name = sponsor;
			sourceTree = "<group>";
		};
		AB1E89F91DFB521900CDDADB /* dayView */ = {
			isa = PBXGroup;
			children = (
				AB35C5081DEF2FFB006D7A6D /* CalendarDayViewController.swift */,
				ABEB16BF1E0D72D7006E666B /* CalendarDayViewHeader.swift */,
				ABF7885A1E1FE9FF0086E114 /* ParticipationView.swift */,
				ABEB16CD1E0DEECC006E666B /* ImageView.swift */,
				AB40CAAC1E390060006FC5F9 /* NotificationDelayPicker.swift */,
				AB16B6061E1D50E3001B2C99 /* sponsor */,
			);
			name = dayView;
			sourceTree = "<group>";
		};
		AB1E8A011DFF31F100CDDADB /* Frameworks */ = {
			isa = PBXGroup;
			children = (
				AB1E8A021DFF31F100CDDADB /* MapKit.framework */,
				ABC7B7551E39404C00A2C083 /* NotificationCenter.framework */,
			);
			name = Frameworks;
			sourceTree = "<group>";
		};
		AB569B771DD9CA18001B513B /* grid */ = {
			isa = PBXGroup;
			children = (
				AB4CB52C1DF88FED003F4E18 /* CalendarGridViewController.swift */,
				AB623D8C1DCBECEF0048886F /* CalendarGridCell.swift */,
				AB59B9ED1DCFB99200E4E9FE /* CalendarGridHeader.swift */,
				AB2A24C61E29922D00CD2E65 /* CalendarGridFooter.swift */,
			);
			name = grid;
			sourceTree = "<group>";
		};
		AB569B781DD9CA25001B513B /* list */ = {
			isa = PBXGroup;
			children = (
				AB9C320A1DCA410A0091C55F /* CalendarListViewController.swift */,
				ABEB16E41E199783006E666B /* CalendarListViewCell.swift */,
				ABB960AF1E1AF17F00A10A70 /* SortPicker.swift */,
				ABB960AD1E1AEA9F00A10A70 /* SortingCategory.swift */,
				ABB960B11E1B03EF00A10A70 /* Filter.swift */,
			);
			name = list;
			sourceTree = "<group>";
		};
		AB577B401E3E0164008D8805 /* extensions */ = {
			isa = PBXGroup;
			children = (
				ABF788581E1FCE290086E114 /* UIColorExtension.swift */,
				ABEB16C11E0D7D4C006E666B /* UIViewExtension.swift */,
			);
			name = extensions;
			sourceTree = "<group>";
		};
		AB577B441E3E0367008D8805 /* calendarViews */ = {
			isa = PBXGroup;
			children = (
				ABEB16E11E199729006E666B /* home */,
				AB569B781DD9CA25001B513B /* list */,
				AB569B771DD9CA18001B513B /* grid */,
			);
			name = calendarViews;
			sourceTree = "<group>";
		};
		AB7913701DD4B6EB00EF8B97 /* data */ = {
			isa = PBXGroup;
			children = (
				AB577B451E3E079B008D8805 /* Storage.swift */,
				AB7913731DD4B99500EF8B97 /* DatabaseManager.swift */,
				AB4CB52A1DF4904C003F4E18 /* User.swift */,
				AB527EF61E225BDB009FA6C2 /* ErrorTypes.swift */,
				ABF7885C1E1FFAF90086E114 /* ParticipationStatus.swift */,
				ABEB16D51E17FE5D006E666B /* event */,
			);
			name = data;
			sourceTree = "<group>";
		};
		AB9C31CC1DCA2D4C0091C55F = {
			isa = PBXGroup;
			children = (
				AB9C31D71DCA2D4C0091C55F /* iOSApp */,
				ABC7B7571E39404C00A2C083 /* iOSAppWidget */,
				AB9C31D61DCA2D4C0091C55F /* Products */,
				AB1E8A011DFF31F100CDDADB /* Frameworks */,
			);
			sourceTree = "<group>";
			usesTabs = 1;
		};
		AB9C31D61DCA2D4C0091C55F /* Products */ = {
			isa = PBXGroup;
			children = (
				AB9C31D51DCA2D4C0091C55F /* app.app */,
				ABC7B7541E39404C00A2C083 /* widget.appex */,
			);
			name = Products;
			sourceTree = "<group>";
		};
		AB9C31D71DCA2D4C0091C55F /* iOSApp */ = {
			isa = PBXGroup;
			children = (
				ABC7B7711E3947C300A2C083 /* iOSApp.entitlements */,
				AB7913751DD4C68900EF8B97 /* MainViewController.swift */,
				AB577B401E3E0164008D8805 /* extensions */,
				AB7913701DD4B6EB00EF8B97 /* data */,
				AB577B441E3E0367008D8805 /* calendarViews */,
				AB1E89F91DFB521900CDDADB /* dayView */,
				ABF7885E1E20E5F40086E114 /* aboutView */,
				AB9C31D81DCA2D4C0091C55F /* AppDelegate.swift */,
				ABF788521E1F97E00086E114 /* Main.storyboard */,
				ABF788501E1F97E00086E114 /* LaunchScreen.storyboard */,
				AB9C31E61DCA2D4C0091C55F /* Info.plist */,
				AB758FCB1E1C3882004135A9 /* Assets.xcassets */,
			);
			path = iOSApp;
			sourceTree = "<group>";
		};
		ABC7B7571E39404C00A2C083 /* iOSAppWidget */ = {
			isa = PBXGroup;
			children = (
				ABC7B7721E39480300A2C083 /* iOSAppWidget.entitlements */,
				ABC7B7581E39404C00A2C083 /* TodayViewController.swift */,
				ABC7B7651E3942D600A2C083 /* TodayViewCell.swift */,
				ABC7B75A1E39404C00A2C083 /* MainInterface.storyboard */,
				ABC7B75D1E39404C00A2C083 /* Info.plist */,
			);
			path = iOSAppWidget;
			sourceTree = "<group>";
		};
		ABEB16D51E17FE5D006E666B /* event */ = {
			isa = PBXGroup;
			children = (
				ABEB16DD1E1800A5006E666B /* EventImage.swift */,
				ABEB16DB1E180096006E666B /* Location.swift */,
				ABEB16D91E18006F006E666B /* Event.swift */,
				ABEB16DF1E1800C6006E666B /* Sponsor.swift */,
			);
			name = event;
			sourceTree = "<group>";
		};
		ABEB16E11E199729006E666B /* home */ = {
			isa = PBXGroup;
			children = (
				AB4CB52E1DF89027003F4E18 /* HomeViewController.swift */,
				AB037A941DDA452F004D4AAC /* HomeViewCell.swift */,
			);
			name = home;
			sourceTree = "<group>";
		};
		ABF7885E1E20E5F40086E114 /* aboutView */ = {
			isa = PBXGroup;
			children = (
				AB9C32101DCA41530091C55F /* AboutViewController.swift */,
				ABFF88FF1E213E780032CCD0 /* licenses */,
			);
			name = aboutView;
			sourceTree = "<group>";
		};
		ABFF88FF1E213E780032CCD0 /* licenses */ = {
			isa = PBXGroup;
			children = (
				ABFF89001E213FE90032CCD0 /* LicensesViewController.swift */,
				ABFF89021E21412F0032CCD0 /* LicensesViewCell.swift */,
				ABFF89081E214A8E0032CCD0 /* Licenses.swift */,
				ABFF890A1E2150390032CCD0 /* LicensesEnum.swift */,
				ABFF89061E2149FA0032CCD0 /* Apache20.txt */,
				ABFF890C1E215BFA0032CCD0 /* ODbL10.txt */,
			);
			name = licenses;
			sourceTree = "<group>";
		};
/* End PBXGroup section */

/* Begin PBXNativeTarget section */
		AB9C31D41DCA2D4C0091C55F /* app */ = {
			isa = PBXNativeTarget;
			buildConfigurationList = AB9C31FF1DCA2D4C0091C55F /* Build configuration list for PBXNativeTarget "app" */;
			buildPhases = (
				AB9C31D11DCA2D4C0091C55F /* Sources */,
				AB9C31D21DCA2D4C0091C55F /* Frameworks */,
				AB9C31D31DCA2D4C0091C55F /* Resources */,
				ABC7B7641E39404C00A2C083 /* Embed App Extensions */,
			);
			buildRules = (
			);
			dependencies = (
				ABC7B75F1E39404C00A2C083 /* PBXTargetDependency */,
			);
			name = app;
			productName = iOSApp;
			productReference = AB9C31D51DCA2D4C0091C55F /* app.app */;
			productType = "com.apple.product-type.application";
		};
		ABC7B7531E39404C00A2C083 /* widget */ = {
			isa = PBXNativeTarget;
			buildConfigurationList = ABC7B7631E39404C00A2C083 /* Build configuration list for PBXNativeTarget "widget" */;
			buildPhases = (
				ABC7B7501E39404C00A2C083 /* Sources */,
				ABC7B7511E39404C00A2C083 /* Frameworks */,
				ABC7B7521E39404C00A2C083 /* Resources */,
			);
			buildRules = (
			);
			dependencies = (
			);
			name = widget;
			productName = iOSAppWidget;
			productReference = ABC7B7541E39404C00A2C083 /* widget.appex */;
			productType = "com.apple.product-type.app-extension";
		};
/* End PBXNativeTarget section */

/* Begin PBXProject section */
		AB9C31CD1DCA2D4C0091C55F /* Project object */ = {
			isa = PBXProject;
			attributes = {
				LastSwiftUpdateCheck = 0820;
				LastUpgradeCheck = 0820;
				ORGANIZATIONNAME = Daniel;
				TargetAttributes = {
					AB9C31D41DCA2D4C0091C55F = {
						CreatedOnToolsVersion = 8.1;
						DevelopmentTeam = H9NQ4ZA4J7;
						ProvisioningStyle = Automatic;
						SystemCapabilities = {
							com.apple.ApplicationGroups.iOS = {
								enabled = 1;
							};
							com.apple.BackgroundModes = {
								enabled = 0;
							};
							com.apple.Maps.iOS = {
								enabled = 0;
							};
						};
					};
					ABC7B7531E39404C00A2C083 = {
						CreatedOnToolsVersion = 8.2.1;
						DevelopmentTeam = H9NQ4ZA4J7;
						ProvisioningStyle = Automatic;
						SystemCapabilities = {
							com.apple.ApplicationGroups.iOS = {
								enabled = 1;
							};
						};
					};
				};
			};
			buildConfigurationList = AB9C31D01DCA2D4C0091C55F /* Build configuration list for PBXProject "iOSApp" */;
			compatibilityVersion = "Xcode 3.2";
			developmentRegion = English;
			hasScannedForEncodings = 0;
			knownRegions = (
				Base,
			);
			mainGroup = AB9C31CC1DCA2D4C0091C55F;
			productRefGroup = AB9C31D61DCA2D4C0091C55F /* Products */;
			projectDirPath = "";
			projectRoot = "";
			targets = (
				AB9C31D41DCA2D4C0091C55F /* app */,
				ABC7B7531E39404C00A2C083 /* widget */,
			);
		};
/* End PBXProject section */

/* Begin PBXResourcesBuildPhase section */
		AB9C31D31DCA2D4C0091C55F /* Resources */ = {
			isa = PBXResourcesBuildPhase;
			buildActionMask = 2147483647;
			files = (
				ABFF890D1E215BFA0032CCD0 /* ODbL10.txt in Resources */,
				ABF788551E1F97E00086E114 /* Main.storyboard in Resources */,
				AB758FCC1E1C3882004135A9 /* Assets.xcassets in Resources */,
				ABFF89071E2149FA0032CCD0 /* Apache20.txt in Resources */,
				ABF788541E1F97E00086E114 /* LaunchScreen.storyboard in Resources */,
			);
			runOnlyForDeploymentPostprocessing = 0;
		};
		ABC7B7521E39404C00A2C083 /* Resources */ = {
			isa = PBXResourcesBuildPhase;
			buildActionMask = 2147483647;
			files = (
				ABC7B75C1E39404C00A2C083 /* MainInterface.storyboard in Resources */,
			);
			runOnlyForDeploymentPostprocessing = 0;
		};
/* End PBXResourcesBuildPhase section */

/* Begin PBXSourcesBuildPhase section */
		AB9C31D11DCA2D4C0091C55F /* Sources */ = {
			isa = PBXSourcesBuildPhase;
			buildActionMask = 2147483647;
			files = (
				AB2A24C71E29922D00CD2E65 /* CalendarGridFooter.swift in Sources */,
				AB59B9EE1DCFB99200E4E9FE /* CalendarGridHeader.swift in Sources */,
				AB35C5091DEF2FFB006D7A6D /* CalendarDayViewController.swift in Sources */,
				ABFF89031E21412F0032CCD0 /* LicensesViewCell.swift in Sources */,
				AB7913741DD4B99500EF8B97 /* DatabaseManager.swift in Sources */,
				AB577B461E3E079B008D8805 /* Storage.swift in Sources */,
				ABEB16C21E0D7D4C006E666B /* UIViewExtension.swift in Sources */,
				ABB960AE1E1AEA9F00A10A70 /* SortingCategory.swift in Sources */,
				AB40CAAD1E390060006FC5F9 /* NotificationDelayPicker.swift in Sources */,
				AB4CB52F1DF89027003F4E18 /* HomeViewController.swift in Sources */,
				ABEB16C01E0D72D7006E666B /* CalendarDayViewHeader.swift in Sources */,
				AB4CB52B1DF4904C003F4E18 /* User.swift in Sources */,
				AB7913761DD4C68900EF8B97 /* MainViewController.swift in Sources */,
				AB623D8D1DCBECEF0048886F /* CalendarGridCell.swift in Sources */,
				AB4CB52D1DF88FED003F4E18 /* CalendarGridViewController.swift in Sources */,
				ABF7885B1E1FE9FF0086E114 /* ParticipationView.swift in Sources */,
				ABEB16CE1E0DEECC006E666B /* ImageView.swift in Sources */,
				ABFF89011E213FE90032CCD0 /* LicensesViewController.swift in Sources */,
				ABFF890B1E2150390032CCD0 /* LicensesEnum.swift in Sources */,
				ABB960B01E1AF17F00A10A70 /* SortPicker.swift in Sources */,
				ABEB16DC1E180096006E666B /* Location.swift in Sources */,
				ABF788591E1FCE290086E114 /* UIColorExtension.swift in Sources */,
				AB037A951DDA452F004D4AAC /* HomeViewCell.swift in Sources */,
				ABEB16E01E1800C6006E666B /* Sponsor.swift in Sources */,
				ABF7885D1E1FFAF90086E114 /* ParticipationStatus.swift in Sources */,
				AB9C31D91DCA2D4C0091C55F /* AppDelegate.swift in Sources */,
				ABEB16E51E199783006E666B /* CalendarListViewCell.swift in Sources */,
				ABEB16DE1E1800A5006E666B /* EventImage.swift in Sources */,
				AB527EF71E225BDB009FA6C2 /* ErrorTypes.swift in Sources */,
				AB9C320B1DCA410A0091C55F /* CalendarListViewController.swift in Sources */,
				ABFF89091E214A8E0032CCD0 /* Licenses.swift in Sources */,
				AB16B6081E1D510E001B2C99 /* SponsorViewButton.swift in Sources */,
				AB16B60A1E1D56B2001B2C99 /* SponsorViewController.swift in Sources */,
				ABB960B21E1B03EF00A10A70 /* Filter.swift in Sources */,
				ABEB16DA1E18006F006E666B /* Event.swift in Sources */,
				AB9C32111DCA41530091C55F /* AboutViewController.swift in Sources */,
			);
			runOnlyForDeploymentPostprocessing = 0;
		};
		ABC7B7501E39404C00A2C083 /* Sources */ = {
			isa = PBXSourcesBuildPhase;
			buildActionMask = 2147483647;
			files = (
				ABC7B7681E3944F800A2C083 /* Event.swift in Sources */,
				ABC7B7661E3942D600A2C083 /* TodayViewCell.swift in Sources */,
				AB4C37C21E3E40C700CE5A53 /* DatabaseManager.swift in Sources */,
				ABC7B76F1E39460A00A2C083 /* ErrorTypes.swift in Sources */,
				ABC7B7701E39460D00A2C083 /* ParticipationStatus.swift in Sources */,
				ABC7B76A1E39457D00A2C083 /* EventImage.swift in Sources */,
				ABC7B7691E39457A00A2C083 /* Location.swift in Sources */,
				ABC7B7731E39530700A2C083 /* UIViewExtension.swift in Sources */,
				ABC7B76D1E3945DC00A2C083 /* Sponsor.swift in Sources */,
				ABC7B76E1E39460800A2C083 /* User.swift in Sources */,
				ABC7B7591E39404C00A2C083 /* TodayViewController.swift in Sources */,
				ABC7B7671E3944F200A2C083 /* UIColorExtension.swift in Sources */,
				AB577B471E3E079B008D8805 /* Storage.swift in Sources */,
			);
			runOnlyForDeploymentPostprocessing = 0;
		};
/* End PBXSourcesBuildPhase section */

/* Begin PBXTargetDependency section */
		ABC7B75F1E39404C00A2C083 /* PBXTargetDependency */ = {
			isa = PBXTargetDependency;
			target = ABC7B7531E39404C00A2C083 /* widget */;
			targetProxy = ABC7B75E1E39404C00A2C083 /* PBXContainerItemProxy */;
		};
/* End PBXTargetDependency section */

/* Begin PBXVariantGroup section */
		ABC7B75A1E39404C00A2C083 /* MainInterface.storyboard */ = {
			isa = PBXVariantGroup;
			children = (
				ABC7B75B1E39404C00A2C083 /* Base */,
			);
			name = MainInterface.storyboard;
			sourceTree = "<group>";
		};
		ABF788501E1F97E00086E114 /* LaunchScreen.storyboard */ = {
			isa = PBXVariantGroup;
			children = (
				ABF788511E1F97E00086E114 /* Base */,
			);
			name = LaunchScreen.storyboard;
			sourceTree = "<group>";
		};
		ABF788521E1F97E00086E114 /* Main.storyboard */ = {
			isa = PBXVariantGroup;
			children = (
				ABF788531E1F97E00086E114 /* Base */,
			);
			name = Main.storyboard;
			sourceTree = "<group>";
		};
/* End PBXVariantGroup section */

/* Begin XCBuildConfiguration section */
		AB9C31FD1DCA2D4C0091C55F /* Debug */ = {
			isa = XCBuildConfiguration;
			buildSettings = {
				ALWAYS_SEARCH_USER_PATHS = NO;
				CLANG_ANALYZER_LOCALIZABILITY_NONLOCALIZED = YES;
				CLANG_ANALYZER_NONNULL = YES;
				CLANG_CXX_LANGUAGE_STANDARD = "gnu++0x";
				CLANG_CXX_LIBRARY = "libc++";
				CLANG_ENABLE_MODULES = YES;
				CLANG_ENABLE_OBJC_ARC = YES;
				CLANG_WARN_BOOL_CONVERSION = YES;
				CLANG_WARN_CONSTANT_CONVERSION = YES;
				CLANG_WARN_DIRECT_OBJC_ISA_USAGE = YES_ERROR;
				CLANG_WARN_DOCUMENTATION_COMMENTS = YES;
				CLANG_WARN_EMPTY_BODY = YES;
				CLANG_WARN_ENUM_CONVERSION = YES;
				CLANG_WARN_INFINITE_RECURSION = YES;
				CLANG_WARN_INT_CONVERSION = YES;
				CLANG_WARN_OBJC_ROOT_CLASS = YES_ERROR;
				CLANG_WARN_SUSPICIOUS_MOVE = YES;
				CLANG_WARN_SUSPICIOUS_MOVES = YES;
				CLANG_WARN_UNREACHABLE_CODE = YES;
				CLANG_WARN__DUPLICATE_METHOD_MATCH = YES;
				"CODE_SIGN_IDENTITY[sdk=iphoneos*]" = "iPhone Developer";
				COPY_PHASE_STRIP = NO;
				DEBUG_INFORMATION_FORMAT = dwarf;
				ENABLE_STRICT_OBJC_MSGSEND = YES;
				ENABLE_TESTABILITY = YES;
				GCC_C_LANGUAGE_STANDARD = gnu99;
				GCC_DYNAMIC_NO_PIC = NO;
				GCC_NO_COMMON_BLOCKS = YES;
				GCC_OPTIMIZATION_LEVEL = 0;
				GCC_PREPROCESSOR_DEFINITIONS = (
					"DEBUG=1",
					"$(inherited)",
				);
				GCC_WARN_64_TO_32_BIT_CONVERSION = YES;
				GCC_WARN_ABOUT_RETURN_TYPE = YES_ERROR;
				GCC_WARN_UNDECLARED_SELECTOR = YES;
				GCC_WARN_UNINITIALIZED_AUTOS = YES_AGGRESSIVE;
				GCC_WARN_UNUSED_FUNCTION = YES;
				GCC_WARN_UNUSED_VARIABLE = YES;
				IPHONEOS_DEPLOYMENT_TARGET = 9.0;
				MTL_ENABLE_DEBUG_INFO = YES;
				ONLY_ACTIVE_ARCH = YES;
				SDKROOT = iphoneos;
				SWIFT_ACTIVE_COMPILATION_CONDITIONS = DEBUG;
				SWIFT_OPTIMIZATION_LEVEL = "-Onone";
				TARGETED_DEVICE_FAMILY = "1,2";
			};
			name = Debug;
		};
		AB9C31FE1DCA2D4C0091C55F /* Release */ = {
			isa = XCBuildConfiguration;
			buildSettings = {
				ALWAYS_SEARCH_USER_PATHS = NO;
				CLANG_ANALYZER_LOCALIZABILITY_NONLOCALIZED = YES;
				CLANG_ANALYZER_NONNULL = YES;
				CLANG_CXX_LANGUAGE_STANDARD = "gnu++0x";
				CLANG_CXX_LIBRARY = "libc++";
				CLANG_ENABLE_MODULES = YES;
				CLANG_ENABLE_OBJC_ARC = YES;
				CLANG_WARN_BOOL_CONVERSION = YES;
				CLANG_WARN_CONSTANT_CONVERSION = YES;
				CLANG_WARN_DIRECT_OBJC_ISA_USAGE = YES_ERROR;
				CLANG_WARN_DOCUMENTATION_COMMENTS = YES;
				CLANG_WARN_EMPTY_BODY = YES;
				CLANG_WARN_ENUM_CONVERSION = YES;
				CLANG_WARN_INFINITE_RECURSION = YES;
				CLANG_WARN_INT_CONVERSION = YES;
				CLANG_WARN_OBJC_ROOT_CLASS = YES_ERROR;
				CLANG_WARN_SUSPICIOUS_MOVE = YES;
				CLANG_WARN_SUSPICIOUS_MOVES = YES;
				CLANG_WARN_UNREACHABLE_CODE = YES;
				CLANG_WARN__DUPLICATE_METHOD_MATCH = YES;
				"CODE_SIGN_IDENTITY[sdk=iphoneos*]" = "iPhone Developer";
				COPY_PHASE_STRIP = NO;
				DEBUG_INFORMATION_FORMAT = "dwarf-with-dsym";
				ENABLE_NS_ASSERTIONS = NO;
				ENABLE_STRICT_OBJC_MSGSEND = YES;
				GCC_C_LANGUAGE_STANDARD = gnu99;
				GCC_NO_COMMON_BLOCKS = YES;
				GCC_WARN_64_TO_32_BIT_CONVERSION = YES;
				GCC_WARN_ABOUT_RETURN_TYPE = YES_ERROR;
				GCC_WARN_UNDECLARED_SELECTOR = YES;
				GCC_WARN_UNINITIALIZED_AUTOS = YES_AGGRESSIVE;
				GCC_WARN_UNUSED_FUNCTION = YES;
				GCC_WARN_UNUSED_VARIABLE = YES;
				IPHONEOS_DEPLOYMENT_TARGET = 9.0;
				MTL_ENABLE_DEBUG_INFO = NO;
				SDKROOT = iphoneos;
				SWIFT_OPTIMIZATION_LEVEL = "-Owholemodule";
				TARGETED_DEVICE_FAMILY = "1,2";
				VALIDATE_PRODUCT = YES;
			};
			name = Release;
		};
		AB9C32001DCA2D4C0091C55F /* Debug */ = {
			isa = XCBuildConfiguration;
			buildSettings = {
				ALWAYS_EMBED_SWIFT_STANDARD_LIBRARIES = YES;
				ASSETCATALOG_COMPILER_APPICON_NAME = AppIcon;
				CODE_SIGN_ENTITLEMENTS = iOSApp/iOSApp.entitlements;
				DEVELOPMENT_TEAM = H9NQ4ZA4J7;
				INFOPLIST_FILE = iOSApp/Info.plist;
				IPHONEOS_DEPLOYMENT_TARGET = 9.0;
				LD_RUNPATH_SEARCH_PATHS = "$(inherited) @executable_path/Frameworks";
				OTHER_SWIFT_FLAGS = "-D app";
				PRODUCT_BUNDLE_IDENTIFIER = de.project.doJuSport;
				PRODUCT_NAME = "$(TARGET_NAME)";
				SWIFT_VERSION = 3.0;
				TARGETED_DEVICE_FAMILY = "1,2";
			};
			name = Debug;
		};
		AB9C32011DCA2D4C0091C55F /* Release */ = {
			isa = XCBuildConfiguration;
			buildSettings = {
				ALWAYS_EMBED_SWIFT_STANDARD_LIBRARIES = YES;
				ASSETCATALOG_COMPILER_APPICON_NAME = AppIcon;
				CODE_SIGN_ENTITLEMENTS = iOSApp/iOSApp.entitlements;
				DEVELOPMENT_TEAM = H9NQ4ZA4J7;
				INFOPLIST_FILE = iOSApp/Info.plist;
				IPHONEOS_DEPLOYMENT_TARGET = 9.0;
				LD_RUNPATH_SEARCH_PATHS = "$(inherited) @executable_path/Frameworks";
				OTHER_SWIFT_FLAGS = "-D app";
				PRODUCT_BUNDLE_IDENTIFIER = de.project.doJuSport;
				PRODUCT_NAME = "$(TARGET_NAME)";
				SWIFT_VERSION = 3.0;
				TARGETED_DEVICE_FAMILY = "1,2";
			};
			name = Release;
		};
		ABC7B7611E39404C00A2C083 /* Debug */ = {
			isa = XCBuildConfiguration;
			buildSettings = {
				CODE_SIGN_ENTITLEMENTS = iOSAppWidget/iOSAppWidget.entitlements;
				DEVELOPMENT_TEAM = H9NQ4ZA4J7;
				INFOPLIST_FILE = iOSAppWidget/Info.plist;
				IPHONEOS_DEPLOYMENT_TARGET = 10.2;
				LD_RUNPATH_SEARCH_PATHS = "$(inherited) @executable_path/Frameworks @executable_path/../../Frameworks";
				OTHER_SWIFT_FLAGS = "-D widget";
				PRODUCT_BUNDLE_IDENTIFIER = de.project.doJuSport.widget;
				PRODUCT_NAME = "$(TARGET_NAME)";
				SKIP_INSTALL = YES;
				SWIFT_VERSION = 3.0;
			};
			name = Debug;
		};
		ABC7B7621E39404C00A2C083 /* Release */ = {
			isa = XCBuildConfiguration;
			buildSettings = {
				CODE_SIGN_ENTITLEMENTS = iOSAppWidget/iOSAppWidget.entitlements;
				DEVELOPMENT_TEAM = H9NQ4ZA4J7;
				INFOPLIST_FILE = iOSAppWidget/Info.plist;
				IPHONEOS_DEPLOYMENT_TARGET = 10.2;
				LD_RUNPATH_SEARCH_PATHS = "$(inherited) @executable_path/Frameworks @executable_path/../../Frameworks";
				OTHER_SWIFT_FLAGS = "-D widget";
				PRODUCT_BUNDLE_IDENTIFIER = de.project.doJuSport.widget;
				PRODUCT_NAME = "$(TARGET_NAME)";
				SKIP_INSTALL = YES;
				SWIFT_OPTIMIZATION_LEVEL = "-Owholemodule";
				SWIFT_VERSION = 3.0;
			};
			name = Release;
		};
/* End XCBuildConfiguration section */

/* Begin XCConfigurationList section */
		AB9C31D01DCA2D4C0091C55F /* Build configuration list for PBXProject "iOSApp" */ = {
			isa = XCConfigurationList;
			buildConfigurations = (
				AB9C31FD1DCA2D4C0091C55F /* Debug */,
				AB9C31FE1DCA2D4C0091C55F /* Release */,
			);
			defaultConfigurationIsVisible = 0;
			defaultConfigurationName = Release;
		};
		AB9C31FF1DCA2D4C0091C55F /* Build configuration list for PBXNativeTarget "app" */ = {
			isa = XCConfigurationList;
			buildConfigurations = (
				AB9C32001DCA2D4C0091C55F /* Debug */,
				AB9C32011DCA2D4C0091C55F /* Release */,
			);
			defaultConfigurationIsVisible = 0;
			defaultConfigurationName = Release;
		};
		ABC7B7631E39404C00A2C083 /* Build configuration list for PBXNativeTarget "widget" */ = {
			isa = XCConfigurationList;
			buildConfigurations = (
				ABC7B7611E39404C00A2C083 /* Debug */,
				ABC7B7621E39404C00A2C083 /* Release */,
			);
			defaultConfigurationIsVisible = 0;
			defaultConfigurationName = Release;
		};
/* End XCConfigurationList section */
	};
	rootObject = AB9C31CD1DCA2D4C0091C55F /* Project object */;
}
